
Microsoft Visual Studio Solution File, Format Version 12.00
# Visual Studio Version 17
VisualStudioVersion = 17.12.35707.178
MinimumVisualStudioVersion = 10.0.40219.1
Project("{FAE04EC0-301F-11D3-BF4B-00C04F79EFBC}") = "productClientHub.API", "productClientHub.API\productClientHub.API.csproj", "{C7D9924B-63BF-4B44-B4B1-45141D56EB1B}"
EndProject
Project("{FAE04EC0-301F-11D3-BF4B-00C04F79EFBC}") = "ProductClientHub.Communication", "ProductClientHub.Communication\ProductClientHub.Communication.csproj", "{2ACC5307-D118-4043-AF5C-01570F743752}"
EndProject
Project("{FAE04EC0-301F-11D3-BF4B-00C04F79EFBC}") = "productClientHub.Exceptions", "productClientHub.Exceptions\productClientHub.Exceptions.csproj", "{850F0904-DE6D-4A88-A011-546C1B690962}"
EndProject
Global
	GlobalSection(SolutionConfigurationPlatforms) = preSolution
		Debug|Any CPU = Debug|Any CPU
		Release|Any CPU = Release|Any CPU
	EndGlobalSection
	GlobalSection(ProjectConfigurationPlatforms) = postSolution
		{C7D9924B-63BF-4B44-B4B1-45141D56EB1B}.Debug|Any CPU.ActiveCfg = Debug|Any CPU
		{C7D9924B-63BF-4B44-B4B1-45141D56EB1B}.Debug|Any CPU.Build.0 = Debug|Any CPU
		{C7D9924B-63BF-4B44-B4B1-45141D56EB1B}.Release|Any CPU.ActiveCfg = Release|Any CPU
		{C7D9924B-63BF-4B44-B4B1-45141D56EB1B}.Release|Any CPU.Build.0 = Release|Any CPU
		{2ACC5307-D118-4043-AF5C-01570F743752}.Debug|Any CPU.ActiveCfg = Debug|Any CPU
		{2ACC5307-D118-4043-AF5C-01570F743752}.Debug|Any CPU.Build.0 = Debug|Any CPU
		{2ACC5307-D118-4043-AF5C-01570F743752}.Release|Any CPU.ActiveCfg = Release|Any CPU
		{2ACC5307-D118-4043-AF5C-01570F743752}.Release|Any CPU.Build.0 = Release|Any CPU
		{850F0904-DE6D-4A88-A011-546C1B690962}.Debug|Any CPU.ActiveCfg = Debug|Any CPU
		{850F0904-DE6D-4A88-A011-546C1B690962}.Debug|Any CPU.Build.0 = Debug|Any CPU
		{850F0904-DE6D-4A88-A011-546C1B690962}.Release|Any CPU.ActiveCfg = Release|Any CPU
		{850F0904-DE6D-4A88-A011-546C1B690962}.Release|Any CPU.Build.0 = Release|Any CPU
	EndGlobalSection
	GlobalSection(SolutionProperties) = preSolution
		HideSolutionNode = FALSE
	EndGlobalSection
EndGlobal
